{
  "projects": [
    {
      "projectId": "58GpZjZCWTaJ8AUhpCwt2K",
      "version": "3.28.0",
      "dependencies": {},
      "lang": "js",
      "fileLocks": [
        {
          "assetId": "58GpZjZCWTaJ8AUhpCwt2K",
          "type": "projectCss",
          "checksum": "f0469e206244772473ab64f50be898f9"
        }
      ],
      "codegenVersion": "0.0.1"
    },
    {
      "projectId": "7nJ7UcFmq9UzB6eXfC5z4a",
      "version": "0.31.0",
      "dependencies": {},
      "lang": "js",
      "fileLocks": [
        {
          "assetId": "7nJ7UcFmq9UzB6eXfC5z4a",
          "type": "projectCss",
          "checksum": "01e8cee5b9ce00fbc93f494c2a40dbf1"
        }
      ],
      "codegenVersion": "0.0.1"
    },
    {
      "projectId": "seNiaoyHbqUbSRTV4dz1rm",
      "version": "latest",
      "dependencies": {
        "7nJ7UcFmq9UzB6eXfC5z4a": "0.31.0",
        "58GpZjZCWTaJ8AUhpCwt2K": "3.28.0"
      },
      "lang": "js",
      "fileLocks": [
        {
          "type": "globalVariant",
          "assetId": "l9TsMn1d_f1V",
          "checksum": "af5bf7ceacea45c5c8e4d71e2ab437b3"
        },
        {
          "assetId": "seNiaoyHbqUbSRTV4dz1rm",
          "type": "projectCss",
          "checksum": "3fcf840c132c2ca407e2fca6ddd58188"
        },
        {
          "type": "renderModule",
          "assetId": "hhAG-0aVlGG7",
          "checksum": "d9d9ae92b3cd428ad0139b16593c1475"
        },
        {
          "type": "cssRules",
          "assetId": "hhAG-0aVlGG7",
          "checksum": "d9d9ae92b3cd428ad0139b16593c1475"
        },
        {
          "type": "renderModule",
          "assetId": "P9_1FdZr6N2T",
          "checksum": "c3bbe1ddb03b16c1113c1c7f6f1827a3"
        },
        {
          "type": "cssRules",
          "assetId": "P9_1FdZr6N2T",
          "checksum": "c3bbe1ddb03b16c1113c1c7f6f1827a3"
        },
        {
          "type": "renderModule",
          "assetId": "pDPGks3vTyHu",
          "checksum": "fe73e6b2c14323df10dc8b7296720c29"
        },
        {
          "type": "cssRules",
          "assetId": "pDPGks3vTyHu",
          "checksum": "fe73e6b2c14323df10dc8b7296720c29"
        },
        {
          "type": "renderModule",
          "assetId": "oVPzHMtsKF-V",
          "checksum": "454e0c70b78376c96b8a1b319219d47f"
        },
        {
          "type": "cssRules",
          "assetId": "oVPzHMtsKF-V",
          "checksum": "454e0c70b78376c96b8a1b319219d47f"
        },
        {
          "type": "renderModule",
          "assetId": "4kcPOvZyEqwE",
          "checksum": "5b1ee4cd43b23cc389ad071089099b04"
        },
        {
          "type": "cssRules",
          "assetId": "4kcPOvZyEqwE",
          "checksum": "5b1ee4cd43b23cc389ad071089099b04"
        },
        {
          "type": "renderModule",
          "assetId": "orvYAM0G-kSD",
          "checksum": "cb2b9eabbe80ba53ae3ff42b5bbb6628"
        },
        {
          "type": "cssRules",
          "assetId": "orvYAM0G-kSD",
          "checksum": "cb2b9eabbe80ba53ae3ff42b5bbb6628"
        },
        {
          "type": "renderModule",
          "assetId": "ONiCHAjrD32D",
          "checksum": "7a17d701ca975cf5d7eba6cece6a8023"
        },
        {
          "type": "cssRules",
          "assetId": "ONiCHAjrD32D",
          "checksum": "7a17d701ca975cf5d7eba6cece6a8023"
        },
        {
          "type": "renderModule",
          "assetId": "ZaucLc9q610G",
          "checksum": "ebf6afcd66123e1006d9200061563110"
        },
        {
          "type": "cssRules",
          "assetId": "ZaucLc9q610G",
          "checksum": "ebf6afcd66123e1006d9200061563110"
        },
        {
          "type": "renderModule",
          "assetId": "l2jqUDLeNPVB",
          "checksum": "9aaafbbd8354a3db2c8ae8ce7b902845"
        },
        {
          "type": "cssRules",
          "assetId": "l2jqUDLeNPVB",
          "checksum": "9aaafbbd8354a3db2c8ae8ce7b902845"
        },
        {
          "type": "renderModule",
          "assetId": "Ptz9lRGOlLXp",
          "checksum": "2c9622d5b2bd85950f97bf4735307e3d"
        },
        {
          "type": "cssRules",
          "assetId": "Ptz9lRGOlLXp",
          "checksum": "2c9622d5b2bd85950f97bf4735307e3d"
        },
        {
          "type": "icon",
          "assetId": "-btXMNRWG3jK",
          "checksum": "539880d6a1da1e64f9ac9a4dfc296168"
        },
        {
          "type": "icon",
          "assetId": "iG_PzAf12RTl",
          "checksum": "3108702a66a9b7fced8883de627983b5"
        },
        {
          "type": "icon",
          "assetId": "BTbqjsn9OmEG",
          "checksum": "3b2dde805535f0e027c02d986dd2c1c8"
        },
        {
          "type": "icon",
          "assetId": "maSVy1D71H6N",
          "checksum": "7fb7790394fa55e63049725b447fe23b"
        },
        {
          "type": "icon",
          "assetId": "faDyilHKd93j",
          "checksum": "9398308044217ea5f65d798a6d7827f4"
        },
        {
          "type": "icon",
          "assetId": "1C_DEewx7WrB",
          "checksum": "c8394b7222b048003f4dc1c87ad79dd2"
        },
        {
          "type": "icon",
          "assetId": "c7rzXD5VgzWs",
          "checksum": "1a94a2f36453e8e8a8b371ee28900bde"
        },
        {
          "type": "icon",
          "assetId": "DWjeGrfvxONg",
          "checksum": "c8543655b1051e7fa021f84b0f4cfc85"
        },
        {
          "type": "icon",
          "assetId": "6w8-w4M8IHE7",
          "checksum": "f9ea4e5e83409f1b69e13259c7f77775"
        },
        {
          "type": "icon",
          "assetId": "9scKFK5OwdYn",
          "checksum": "c3a85ba5bfcb682ecd48cb6b79317edc"
        },
        {
          "type": "image",
          "assetId": "XvOmAtRHCx5k",
          "checksum": "6fbdd78315027e4ef1fd833816ece000"
        },
        {
          "type": "image",
          "assetId": "8m1vlqt-C2KI",
          "checksum": "3f19588bb873870c6c49888b099fd300"
        },
        {
          "type": "image",
          "assetId": "ral1eH40bqu-",
          "checksum": "e787c85f8698443d58af6dbfa3bfa210"
        },
        {
          "type": "image",
          "assetId": "LD_aRM6BcBNA",
          "checksum": "0a1558ecf635ad64f8c699089c1e8d08"
        },
        {
          "type": "image",
          "assetId": "3Eckg-fN_e6p",
          "checksum": "56ee8ece6ab381acb4005845f9d7352a"
        },
        {
          "type": "image",
          "assetId": "HFnwXHAEMY74",
          "checksum": "9142a3182ed2017c328ce099f86286f0"
        },
        {
          "type": "image",
          "assetId": "Rce-Zh1WPW-D",
          "checksum": "504f85ef0a3ca7744a1f44bd9b4f3443"
        },
        {
          "type": "image",
          "assetId": "b-MNtRxmeMwB",
          "checksum": "a4912b2b627cd7331a4ede9c435b9e63"
        },
        {
          "type": "image",
          "assetId": "NLGgEtBdDp5x",
          "checksum": "4e75b8a0899fc3bab4c985f937a54760"
        },
        {
          "type": "image",
          "assetId": "sS2UBB4onHCn",
          "checksum": "3f838681874bbfc19cf625fb56584ea5"
        },
        {
          "type": "image",
          "assetId": "6mIarxot5Al6",
          "checksum": "5322b2b7bdcd9916ce0577620995342f"
        },
        {
          "type": "image",
          "assetId": "Abx_dFGfyRYA",
          "checksum": "e51948bf90a7bed65e841ee40410badb"
        },
        {
          "type": "image",
          "assetId": "DSH74mfjZudj",
          "checksum": "88d6ee96640f70f1d474eb8e3d3b7fdf"
        },
        {
          "type": "image",
          "assetId": "0Ptz0aUl1UBw",
          "checksum": "cafbac8f299a9d2549044d72226c1cd4"
        },
        {
          "type": "image",
          "assetId": "PQLNppuhpW1V",
          "checksum": "2fc2f9cac15b2dcbe2aa740620ebf30e"
        },
        {
          "type": "image",
          "assetId": "8nMFSgVbvscl",
          "checksum": "e09ba8f4e7d6cf4711df591f5bf9d8b8"
        },
        {
          "type": "image",
          "assetId": "-IqV8mRaCgSe",
          "checksum": "fd454a953b7a1c6eaf31adcd33ad70f1"
        },
        {
          "type": "image",
          "assetId": "jW_-ygBi_qNX",
          "checksum": "a5b028fdfb942489c14ed602fc4e6185"
        },
        {
          "type": "image",
          "assetId": "4bx01UcpdBg3",
          "checksum": "57c92c426ae39076bcc9b00eb864e390"
        },
        {
          "type": "image",
          "assetId": "cEhWhhpqZxjg",
          "checksum": "793d661e054157886b15df4328a50e93"
        },
        {
          "type": "image",
          "assetId": "tSYy_zIHYJG_",
          "checksum": "7afda082a6db83d930b560225ef67c95"
        },
        {
          "type": "image",
          "assetId": "b4jtYFzr-V29",
          "checksum": "0e7165bf75a7ed0f6e16783fbed829d3"
        },
        {
          "type": "image",
          "assetId": "0Earc9iGpTed",
          "checksum": "a50a80b13f62f7a20acfac6f86986c39"
        },
        {
          "type": "image",
          "assetId": "WTIIvC_t3IMZ",
          "checksum": "816d476765687967b75e47b6e808f6c6"
        },
        {
          "type": "image",
          "assetId": "oOvB_wQXES-R",
          "checksum": "5456f2e1320b76dcaac3478058899a5b"
        },
        {
          "type": "image",
          "assetId": "Wdi1DJWk1I2x",
          "checksum": "674e6212d5cf0a27cbb4fb93d26f2b59"
        },
        {
          "type": "image",
          "assetId": "fZKab97z68ir",
          "checksum": "d8a99a4524df9d2d4dae0390e2c77941"
        },
        {
          "type": "image",
          "assetId": "f5UnT3FGL0_F",
          "checksum": "62a41a622964efd83d5e907c018d1802"
        },
        {
          "type": "image",
          "assetId": "lcjY3l9qoBpW",
          "checksum": "dfe1667b1cde09855723fd66c2184fb2"
        },
        {
          "type": "image",
          "assetId": "V7N1u2lF8SIJ",
          "checksum": "5afd6dc17de0d49d5e5c79129e583a78"
        },
        {
          "type": "image",
          "assetId": "_7hmk0hCbcNW",
          "checksum": "791d871f79d516f2a2274aa927058503"
        },
        {
          "type": "image",
          "assetId": "BaoHsEiS58S-",
          "checksum": "3127e4f4d178904350931a72bc359228"
        },
        {
          "type": "image",
          "assetId": "PwwCdaDtN2Ow",
          "checksum": "e2d849f8dd3b30436223b8b20448bfa1"
        },
        {
          "type": "image",
          "assetId": "jOPD3oLzUIkc",
          "checksum": "4456867d9db455f39f6040bff098412a"
        },
        {
          "type": "image",
          "assetId": "oYEhLcOLWlQq",
          "checksum": "2e700034444e73115abeb5a66fda72a4"
        },
        {
          "type": "image",
          "assetId": "2e_zf9Lywz7K",
          "checksum": "cbad9538e9bc231fd81243083eca74a7"
        },
        {
          "type": "image",
          "assetId": "G8UIdc9FRxbA",
          "checksum": "4499d91cab9e60e2028e170b3ebdd954"
        },
        {
          "type": "image",
          "assetId": "ZcffLL6J4bnU",
          "checksum": "de582d1185012c2dfde81ced0ee9161c"
        },
        {
          "type": "image",
          "assetId": "0pgXdoc5Fpmd",
          "checksum": "391591ca57df193469712e006d05bf9a"
        },
        {
          "type": "image",
          "assetId": "koJbGO9-Bh82",
          "checksum": "e37ca688aaa8a9a91d502566c4ee6a65"
        },
        {
          "type": "image",
          "assetId": "6M8bAQdSsI3f",
          "checksum": "005163788e5ef1439eab520dd9674c35"
        },
        {
          "type": "image",
          "assetId": "NEhvR5W7Jufo",
          "checksum": "0d3a14f79d522938e49f80da9ce67efd"
        },
        {
          "type": "image",
          "assetId": "_pIlCXLhjRJ4",
          "checksum": "0451ac7a014e238e36ee586b54902b1c"
        },
        {
          "type": "image",
          "assetId": "oHuFZ6nJvHaT",
          "checksum": "f3da65c98afcc7daf86b8c1626e58dde"
        }
      ],
      "codegenVersion": "0.0.1"
    }
  ],
  "cliVersion": "0.1.334"
}
